
Microsoft Visual Studio Solution File, Format Version 12.00
# Visual Studio Version 17
VisualStudioVersion = 17.9.34526.213
MinimumVisualStudioVersion = 10.0.40219.1
Project("{FAE04EC0-301F-11D3-BF4B-00C04F79EFBC}") = "Relatorio Vasilhame", "Relatorio Vasilhame\Relatorio Vasilhame.csproj", "{D58B1B00-F994-46E1-AA22-FEA1298E1EFF}"
EndProject
Global
	GlobalSection(SolutionConfigurationPlatforms) = preSolution
		Debug|Any CPU = Debug|Any CPU
		Release|Any CPU = Release|Any CPU
	EndGlobalSection
	GlobalSection(ProjectConfigurationPlatforms) = postSolution
		{D58B1B00-F994-46E1-AA22-FEA1298E1EFF}.Debug|Any CPU.ActiveCfg = Debug|Any CPU
		{D58B1B00-F994-46E1-AA22-FEA1298E1EFF}.Debug|Any CPU.Build.0 = Debug|Any CPU
		{D58B1B00-F994-46E1-AA22-FEA1298E1EFF}.Release|Any CPU.ActiveCfg = Release|Any CPU
		{D58B1B00-F994-46E1-AA22-FEA1298E1EFF}.Release|Any CPU.Build.0 = Release|Any CPU
	EndGlobalSection
	GlobalSection(SolutionProperties) = preSolution
		HideSolutionNode = FALSE
	EndGlobalSection
	GlobalSection(ExtensibilityGlobals) = postSolution
		SolutionGuid = {7B287716-C726-48FB-B5B2-777FA7F48320}
	EndGlobalSection
EndGlobal
