
Microsoft Visual Studio Solution File, Format Version 12.00
# Visual Studio Version 17
VisualStudioVersion = 17.8.34227.203
MinimumVisualStudioVersion = 10.0.40219.1
Project("{FAE04EC0-301F-11D3-BF4B-00C04F79EFBC}") = "Pedincal", "Pedincal\Pedincal.csproj", "{162BBA3A-4A1F-476E-8356-0D7A0E808A4F}"
EndProject
Global
	GlobalSection(SolutionConfigurationPlatforms) = preSolution
		Debug|Any CPU = Debug|Any CPU
		Release|Any CPU = Release|Any CPU
	EndGlobalSection
	GlobalSection(ProjectConfigurationPlatforms) = postSolution
		{162BBA3A-4A1F-476E-8356-0D7A0E808A4F}.Debug|Any CPU.ActiveCfg = Debug|Any CPU
		{162BBA3A-4A1F-476E-8356-0D7A0E808A4F}.Debug|Any CPU.Build.0 = Debug|Any CPU
		{162BBA3A-4A1F-476E-8356-0D7A0E808A4F}.Release|Any CPU.ActiveCfg = Release|Any CPU
		{162BBA3A-4A1F-476E-8356-0D7A0E808A4F}.Release|Any CPU.Build.0 = Release|Any CPU
	EndGlobalSection
	GlobalSection(SolutionProperties) = preSolution
		HideSolutionNode = FALSE
	EndGlobalSection
	GlobalSection(ExtensibilityGlobals) = postSolution
		SolutionGuid = {34C29227-9CEA-45D3-953D-9DD412EBA002}
	EndGlobalSection
EndGlobal
