
Microsoft Visual Studio Solution File, Format Version 12.00
# Visual Studio Version 17
VisualStudioVersion = 17.8.34227.203
MinimumVisualStudioVersion = 10.0.40219.1
Project("{FAE04EC0-301F-11D3-BF4B-00C04F79EFBC}") = "Vencrec", "Vencrec\Vencrec.csproj", "{E41C24ED-539A-47EC-A38A-1C47C6B09744}"
EndProject
Global
	GlobalSection(SolutionConfigurationPlatforms) = preSolution
		Debug|Any CPU = Debug|Any CPU
		Release|Any CPU = Release|Any CPU
	EndGlobalSection
	GlobalSection(ProjectConfigurationPlatforms) = postSolution
		{E41C24ED-539A-47EC-A38A-1C47C6B09744}.Debug|Any CPU.ActiveCfg = Debug|Any CPU
		{E41C24ED-539A-47EC-A38A-1C47C6B09744}.Debug|Any CPU.Build.0 = Debug|Any CPU
		{E41C24ED-539A-47EC-A38A-1C47C6B09744}.Release|Any CPU.ActiveCfg = Release|Any CPU
		{E41C24ED-539A-47EC-A38A-1C47C6B09744}.Release|Any CPU.Build.0 = Release|Any CPU
	EndGlobalSection
	GlobalSection(SolutionProperties) = preSolution
		HideSolutionNode = FALSE
	EndGlobalSection
	GlobalSection(ExtensibilityGlobals) = postSolution
		SolutionGuid = {32C52591-8F49-414C-AC04-BB557FCD960E}
	EndGlobalSection
EndGlobal
